{
    "_readme": [
        "This file locks the dependencies of your project to a known state",
        "Read more about it at https://getcomposer.org/doc/01-basic-usage.md#composer-lock-the-lock-file",
        "This file is @generated automatically"
    ],
    "hash": "3c805d94954a9794e26d2712d325efd1",
    "packages": [
        {
            "name": "craryprimitiveman/php-resque",
            "version": "0.1",
            "source": {
                "type": "git",
                "url": "https://github.com/CraryPrimitiveMan/php-resque.git",
                "reference": "39b0fbb3e2d67392ac0ad88f4fce9594f7c03ad1"
            },
            "dist": {
                "type": "zip",
                "url": "https://api.github.com/repos/CraryPrimitiveMan/php-resque/zipball/39b0fbb3e2d67392ac0ad88f4fce9594f7c03ad1",
                "reference": "39b0fbb3e2d67392ac0ad88f4fce9594f7c03ad1",
                "shasum": ""
            },
            "require": {
                "php": ">=5.4.0"
            },
            "type": "library",
            "autoload": {
                "psr-4": {
                    "resque\\": "src/",
                    "resque\\test\\": "test/"
                }
            },
            "notification-url": "https://packagist.org/downloads/",
            "license": [
                "MIT"
            ],
            "authors": [
                {
                    "name": "Chris Boulton",
                    "email": "chris@bigcommerce.com"
                },
                {
                    "name": "harrysun",
                    "email": "sunguangjun@126.com"
                }
            ],
            "description": "Redis backed library for creating background jobs and processing them later.PHP port of resque (Workers and Queueing) with PSR-4",
            "keywords": [
                "background",
                "job",
                "queue",
                "redis",
                "resque",
                "worker"
            ],
            "time": "2015-11-02 06:38:51"
        }
    ],
    "packages-dev": [],
    "aliases": [],
    "minimum-stability": "stable",
    "stability-flags": [],
    "prefer-stable": false,
    "prefer-lowest": false,
    "platform": {
        "php": ">=5.4.0"
    },
    "platform-dev": []
}
